
Microsoft Visual Studio Solution File, Format Version 12.00
# Visual Studio 15
Project("{FAE04EC0-301F-11D3-BF4B-00C04F79EFBC}") = "Assembly-CSharp", "Assembly-CSharp.csproj", "{8F6D784E-CA1D-97A3-BF5E-8DFC1201CEDD}"
EndProject
Global
	GlobalSection(SolutionConfigurationPlatforms) = preSolution
		Debug|Any CPU = Debug|Any CPU
		Release|Any CPU = Release|Any CPU
	EndGlobalSection
	GlobalSection(ProjectConfigurationPlatforms) = postSolution
		{8F6D784E-CA1D-97A3-BF5E-8DFC1201CEDD}.Debug|Any CPU.ActiveCfg = Debug|Any CPU
		{8F6D784E-CA1D-97A3-BF5E-8DFC1201CEDD}.Debug|Any CPU.Build.0 = Debug|Any CPU
		{8F6D784E-CA1D-97A3-BF5E-8DFC1201CEDD}.Release|Any CPU.ActiveCfg = Release|Any CPU
		{8F6D784E-CA1D-97A3-BF5E-8DFC1201CEDD}.Release|Any CPU.Build.0 = Release|Any CPU
	EndGlobalSection
	GlobalSection(SolutionProperties) = preSolution
		HideSolutionNode = FALSE
	EndGlobalSection
EndGlobal
